
Microsoft Visual Studio Solution File, Format Version 12.00
# Visual Studio Version 16
VisualStudioVersion = 16.0.32929.386
MinimumVisualStudioVersion = 10.0.40219.1
Project("{9A19103F-16F7-4668-BE54-9A1E7A4F7556}") = "Boonker", "Boonker\Boonker.csproj", "{B3EB1619-68FE-44EE-97C4-C60BACCEE727}"
EndProject
Project("{2150E333-8FDC-42A3-9474-1A3956D46DE8}") = "Solution Items", "Solution Items", "{709EC538-0785-4EF0-A17E-2F716356947B}"
	ProjectSection(SolutionItems) = preProject
		.editorconfig = .editorconfig
	EndProjectSection
EndProject
Project("{FAE04EC0-301F-11D3-BF4B-00C04F79EFBC}") = "WinApp1", "WinApp1\WinApp1.csproj", "{408E707E-5459-464D-AD31-E2BE32B4936F}"
EndProject
Global
	GlobalSection(SolutionConfigurationPlatforms) = preSolution
		Debug|Any CPU = Debug|Any CPU
		Release|Any CPU = Release|Any CPU
	EndGlobalSection
	GlobalSection(ProjectConfigurationPlatforms) = postSolution
		{B3EB1619-68FE-44EE-97C4-C60BACCEE727}.Debug|Any CPU.ActiveCfg = Debug|Any CPU
		{B3EB1619-68FE-44EE-97C4-C60BACCEE727}.Debug|Any CPU.Build.0 = Debug|Any CPU
		{B3EB1619-68FE-44EE-97C4-C60BACCEE727}.Release|Any CPU.ActiveCfg = Release|Any CPU
		{B3EB1619-68FE-44EE-97C4-C60BACCEE727}.Release|Any CPU.Build.0 = Release|Any CPU
		{408E707E-5459-464D-AD31-E2BE32B4936F}.Debug|Any CPU.ActiveCfg = Debug|Any CPU
		{408E707E-5459-464D-AD31-E2BE32B4936F}.Debug|Any CPU.Build.0 = Debug|Any CPU
		{408E707E-5459-464D-AD31-E2BE32B4936F}.Release|Any CPU.ActiveCfg = Release|Any CPU
		{408E707E-5459-464D-AD31-E2BE32B4936F}.Release|Any CPU.Build.0 = Release|Any CPU
	EndGlobalSection
	GlobalSection(SolutionProperties) = preSolution
		HideSolutionNode = FALSE
	EndGlobalSection
	GlobalSection(ExtensibilityGlobals) = postSolution
		SolutionGuid = {54792DDD-0A61-4CD3-9585-2BEF5D41C214}
	EndGlobalSection
EndGlobal
